
Microsoft Visual Studio Solution File, Format Version 12.00
# Visual Studio Version 16
VisualStudioVersion = 16.0.30413.136
MinimumVisualStudioVersion = 10.0.40219.1
Project("{FAE04EC0-301F-11D3-BF4B-00C04F79EFBC}") = "speech", "speech\speech.csproj", "{97C6A3AE-E6B7-494A-BFE4-7867E61F1764}"
EndProject
Global
	GlobalSection(SolutionConfigurationPlatforms) = preSolution
		Debug|Any CPU = Debug|Any CPU
		Release|Any CPU = Release|Any CPU
	EndGlobalSection
	GlobalSection(ProjectConfigurationPlatforms) = postSolution
		{97C6A3AE-E6B7-494A-BFE4-7867E61F1764}.Debug|Any CPU.ActiveCfg = Debug|Any CPU
		{97C6A3AE-E6B7-494A-BFE4-7867E61F1764}.Debug|Any CPU.Build.0 = Debug|Any CPU
		{97C6A3AE-E6B7-494A-BFE4-7867E61F1764}.Release|Any CPU.ActiveCfg = Release|Any CPU
		{97C6A3AE-E6B7-494A-BFE4-7867E61F1764}.Release|Any CPU.Build.0 = Release|Any CPU
	EndGlobalSection
	GlobalSection(SolutionProperties) = preSolution
		HideSolutionNode = FALSE
	EndGlobalSection
	GlobalSection(ExtensibilityGlobals) = postSolution
		SolutionGuid = {5B876B3A-00BB-4195-B554-D352B20AB8C4}
	EndGlobalSection
EndGlobal
